
Microsoft Visual Studio Solution File, Format Version 12.00
# Visual Studio Version 17
VisualStudioVersion = 17.2.32519.379
MinimumVisualStudioVersion = 10.0.40219.1
Project("{FAE04EC0-301F-11D3-BF4B-00C04F79EFBC}") = "ConsoleApp1", "ConsoleApp1\ConsoleApp1.csproj", "{1D78535F-8310-4A4C-B6E4-7D24743A038A}"
EndProject
Global
	GlobalSection(SolutionConfigurationPlatforms) = preSolution
		Debug|Any CPU = Debug|Any CPU
		Release|Any CPU = Release|Any CPU
	EndGlobalSection
	GlobalSection(ProjectConfigurationPlatforms) = postSolution
		{1D78535F-8310-4A4C-B6E4-7D24743A038A}.Debug|Any CPU.ActiveCfg = Debug|Any CPU
		{1D78535F-8310-4A4C-B6E4-7D24743A038A}.Debug|Any CPU.Build.0 = Debug|Any CPU
		{1D78535F-8310-4A4C-B6E4-7D24743A038A}.Release|Any CPU.ActiveCfg = Release|Any CPU
		{1D78535F-8310-4A4C-B6E4-7D24743A038A}.Release|Any CPU.Build.0 = Release|Any CPU
	EndGlobalSection
	GlobalSection(SolutionProperties) = preSolution
		HideSolutionNode = FALSE
	EndGlobalSection
	GlobalSection(ExtensibilityGlobals) = postSolution
		SolutionGuid = {D671B69B-F987-4863-B9F1-3A676486846C}
	EndGlobalSection
EndGlobal
